
Microsoft Visual Studio Solution File, Format Version 12.00
# Visual Studio 2017
Project("{FAE04EC0-301F-11D3-BF4B-00C04F79EFBC}") = "Learning.Unity.#1_Roll.a.ball_16.11.17_Ver.1", "Learning.Unity.#1_Roll.a.ball_16.11.17_Ver.1.csproj", "{482C68B2-ADF7-694F-D853-4824A0BDEA61}"
EndProject
Global
	GlobalSection(SolutionConfigurationPlatforms) = preSolution
		Debug|Any CPU = Debug|Any CPU
		Release|Any CPU = Release|Any CPU
	EndGlobalSection
	GlobalSection(ProjectConfigurationPlatforms) = postSolution
		{482C68B2-ADF7-694F-D853-4824A0BDEA61}.Debug|Any CPU.ActiveCfg = Debug|Any CPU
		{482C68B2-ADF7-694F-D853-4824A0BDEA61}.Debug|Any CPU.Build.0 = Debug|Any CPU
		{482C68B2-ADF7-694F-D853-4824A0BDEA61}.Release|Any CPU.ActiveCfg = Release|Any CPU
		{482C68B2-ADF7-694F-D853-4824A0BDEA61}.Release|Any CPU.Build.0 = Release|Any CPU
	EndGlobalSection
	GlobalSection(SolutionProperties) = preSolution
		HideSolutionNode = FALSE
	EndGlobalSection
EndGlobal
